{
    "_readme": [
        "This file locks the dependencies of your project to a known state",
        "Read more about it at http://getcomposer.org/doc/01-basic-usage.md#composer-lock-the-lock-file"
    ],
    "hash": "bf1deeb21d8d72a96c0b82e0d86c1f68",
    "packages": [
        {
            "name": "techdivision/http",
            "version": "dev-master",
            "source": {
                "type": "git",
                "url": "https://github.com/techdivision/TechDivision_Http.git",
                "reference": "99ae201e340e9de35b9368d90fa8a3921855231f"
            },
            "dist": {
                "type": "zip",
                "url": "https://api.github.com/repos/techdivision/TechDivision_Http/zipball/99ae201e340e9de35b9368d90fa8a3921855231f",
                "reference": "99ae201e340e9de35b9368d90fa8a3921855231f",
                "shasum": ""
            },
            "require": {
                "php": ">=5.4.0"
            },
            "type": "library",
            "autoload": {
                "psr-0": {
                    "TechDivision": [
                        "src/",
                        "tests/"
                    ]
                }
            },
            "notification-url": "https://packagist.org/downloads/",
            "license": [
                "OSL-3.0"
            ],
            "authors": [
                {
                    "name": "Johann Zelger",
                    "email": "jz@techdivision.com",
                    "homepage": "http://www.techdivision.com",
                    "role": "Developer"
                }
            ],
            "description": "HTTP protocol implementation for usage in server context",
            "homepage": "https://github.com/techdivision/TechDivision_Http",
            "keywords": [
                "http",
                "php",
                "protocol",
                "server"
            ],
            "time": "2014-03-04 13:57:01"
        }
    ],
    "packages-dev": [

    ],
    "aliases": [

    ],
    "minimum-stability": "stable",
    "stability-flags": {
        "techdivision/http": 20
    },
    "platform": {
        "php": ">=5.4.0"
    },
    "platform-dev": [

    ]
}
